
Microsoft Visual Studio Solution File, Format Version 12.00
# Visual Studio 15
VisualStudioVersion = 15.0.26124.0
MinimumVisualStudioVersion = 15.0.26124.0
Project("{2150E333-8FDC-42A3-9474-1A3956D46DE8}") = "src", "src", "{A2E3960F-289D-4291-907B-C7759EDBA5E6}"
EndProject
Project("{FAE04EC0-301F-11D3-BF4B-00C04F79EFBC}") = "SplunkTracing", "src\SplunkTracing\SplunkTracing.csproj", "{C6B2EEA7-5427-4DC8-98E9-3A5BDFCE7669}"
EndProject
Project("{2150E333-8FDC-42A3-9474-1A3956D46DE8}") = "examples", "examples", "{C631BCB9-974D-4C38-AB4F-564BCBFBF2B6}"
EndProject
Project("{FAE04EC0-301F-11D3-BF4B-00C04F79EFBC}") = "SplunkTracing.CSharpTestApp", "examples\SplunkTracing.CSharpTestApp\SplunkTracing.CSharpTestApp.csproj", "{DFB7A035-7797-42E3-8132-095D1A29E42D}"
EndProject
Project("{FAE04EC0-301F-11D3-BF4B-00C04F79EFBC}") = "SplunkTracing.CSharpAspectTestApp", "examples\SplunkTracing.CSharpAspectTestApp\SplunkTracing.CSharpAspectTestApp.csproj", "{1B83F7CF-E2AA-4A81-9C0B-2DA716D5C982}"
EndProject
Project("{FAE04EC0-301F-11D3-BF4B-00C04F79EFBC}") = "SplunkTracing.CSharpDITestApp", "examples\SplunkTracing.CSharpDITestApp\SplunkTracing.CSharpDITestApp.csproj", "{358E688A-D19E-4149-85CD-E804738C0C3F}"
EndProject
Project("{2150E333-8FDC-42A3-9474-1A3956D46DE8}") = "test", "test", "{9557DF69-C1C0-47BF-8F50-1E4B16EB90A3}"
EndProject
Project("{FAE04EC0-301F-11D3-BF4B-00C04F79EFBC}") = "SplunkTracing.Tests", "test\SplunkTracing.Tests\SplunkTracing.Tests.csproj", "{0C01385E-295D-4C33-ABD0-82F209DED3E6}"
EndProject
Global
	GlobalSection(SolutionConfigurationPlatforms) = preSolution
		Debug|Any CPU = Debug|Any CPU
		Debug|x64 = Debug|x64
		Debug|x86 = Debug|x86
		Release|Any CPU = Release|Any CPU
		Release|x64 = Release|x64
		Release|x86 = Release|x86
	EndGlobalSection
	GlobalSection(SolutionProperties) = preSolution
		HideSolutionNode = FALSE
	EndGlobalSection
	GlobalSection(ProjectConfigurationPlatforms) = postSolution
		{C6B2EEA7-5427-4DC8-98E9-3A5BDFCE7669}.Debug|Any CPU.ActiveCfg = Debug|Any CPU
		{C6B2EEA7-5427-4DC8-98E9-3A5BDFCE7669}.Debug|Any CPU.Build.0 = Debug|Any CPU
		{C6B2EEA7-5427-4DC8-98E9-3A5BDFCE7669}.Debug|x64.ActiveCfg = Debug|Any CPU
		{C6B2EEA7-5427-4DC8-98E9-3A5BDFCE7669}.Debug|x64.Build.0 = Debug|Any CPU
		{C6B2EEA7-5427-4DC8-98E9-3A5BDFCE7669}.Debug|x86.ActiveCfg = Debug|Any CPU
		{C6B2EEA7-5427-4DC8-98E9-3A5BDFCE7669}.Debug|x86.Build.0 = Debug|Any CPU
		{C6B2EEA7-5427-4DC8-98E9-3A5BDFCE7669}.Release|Any CPU.ActiveCfg = Release|Any CPU
		{C6B2EEA7-5427-4DC8-98E9-3A5BDFCE7669}.Release|Any CPU.Build.0 = Release|Any CPU
		{C6B2EEA7-5427-4DC8-98E9-3A5BDFCE7669}.Release|x64.ActiveCfg = Release|Any CPU
		{C6B2EEA7-5427-4DC8-98E9-3A5BDFCE7669}.Release|x64.Build.0 = Release|Any CPU
		{C6B2EEA7-5427-4DC8-98E9-3A5BDFCE7669}.Release|x86.ActiveCfg = Release|Any CPU
		{C6B2EEA7-5427-4DC8-98E9-3A5BDFCE7669}.Release|x86.Build.0 = Release|Any CPU
		{DFB7A035-7797-42E3-8132-095D1A29E42D}.Debug|Any CPU.ActiveCfg = Debug|Any CPU
		{DFB7A035-7797-42E3-8132-095D1A29E42D}.Debug|Any CPU.Build.0 = Debug|Any CPU
		{DFB7A035-7797-42E3-8132-095D1A29E42D}.Debug|x64.ActiveCfg = Debug|Any CPU
		{DFB7A035-7797-42E3-8132-095D1A29E42D}.Debug|x64.Build.0 = Debug|Any CPU
		{DFB7A035-7797-42E3-8132-095D1A29E42D}.Debug|x86.ActiveCfg = Debug|Any CPU
		{DFB7A035-7797-42E3-8132-095D1A29E42D}.Debug|x86.Build.0 = Debug|Any CPU
		{DFB7A035-7797-42E3-8132-095D1A29E42D}.Release|Any CPU.ActiveCfg = Release|Any CPU
		{DFB7A035-7797-42E3-8132-095D1A29E42D}.Release|Any CPU.Build.0 = Release|Any CPU
		{DFB7A035-7797-42E3-8132-095D1A29E42D}.Release|x64.ActiveCfg = Release|Any CPU
		{DFB7A035-7797-42E3-8132-095D1A29E42D}.Release|x64.Build.0 = Release|Any CPU
		{DFB7A035-7797-42E3-8132-095D1A29E42D}.Release|x86.ActiveCfg = Release|Any CPU
		{DFB7A035-7797-42E3-8132-095D1A29E42D}.Release|x86.Build.0 = Release|Any CPU
		{1B83F7CF-E2AA-4A81-9C0B-2DA716D5C982}.Debug|Any CPU.ActiveCfg = Debug|Any CPU
		{1B83F7CF-E2AA-4A81-9C0B-2DA716D5C982}.Debug|Any CPU.Build.0 = Debug|Any CPU
		{1B83F7CF-E2AA-4A81-9C0B-2DA716D5C982}.Debug|x64.ActiveCfg = Debug|Any CPU
		{1B83F7CF-E2AA-4A81-9C0B-2DA716D5C982}.Debug|x64.Build.0 = Debug|Any CPU
		{1B83F7CF-E2AA-4A81-9C0B-2DA716D5C982}.Debug|x86.ActiveCfg = Debug|Any CPU
		{1B83F7CF-E2AA-4A81-9C0B-2DA716D5C982}.Debug|x86.Build.0 = Debug|Any CPU
		{1B83F7CF-E2AA-4A81-9C0B-2DA716D5C982}.Release|Any CPU.ActiveCfg = Debug|Any CPU
		{1B83F7CF-E2AA-4A81-9C0B-2DA716D5C982}.Release|Any CPU.Build.0 = Debug|Any CPU
		{1B83F7CF-E2AA-4A81-9C0B-2DA716D5C982}.Release|x64.ActiveCfg = Debug|Any CPU
		{1B83F7CF-E2AA-4A81-9C0B-2DA716D5C982}.Release|x64.Build.0 = Debug|Any CPU
		{1B83F7CF-E2AA-4A81-9C0B-2DA716D5C982}.Release|x86.ActiveCfg = Debug|Any CPU
		{1B83F7CF-E2AA-4A81-9C0B-2DA716D5C982}.Release|x86.Build.0 = Debug|Any CPU
		{358E688A-D19E-4149-85CD-E804738C0C3F}.Debug|Any CPU.ActiveCfg = Debug|Any CPU
		{358E688A-D19E-4149-85CD-E804738C0C3F}.Debug|Any CPU.Build.0 = Debug|Any CPU
		{358E688A-D19E-4149-85CD-E804738C0C3F}.Debug|x64.ActiveCfg = Debug|Any CPU
		{358E688A-D19E-4149-85CD-E804738C0C3F}.Debug|x64.Build.0 = Debug|Any CPU
		{358E688A-D19E-4149-85CD-E804738C0C3F}.Debug|x86.ActiveCfg = Debug|Any CPU
		{358E688A-D19E-4149-85CD-E804738C0C3F}.Debug|x86.Build.0 = Debug|Any CPU
		{358E688A-D19E-4149-85CD-E804738C0C3F}.Release|Any CPU.ActiveCfg = Debug|Any CPU
		{358E688A-D19E-4149-85CD-E804738C0C3F}.Release|Any CPU.Build.0 = Debug|Any CPU
		{358E688A-D19E-4149-85CD-E804738C0C3F}.Release|x64.ActiveCfg = Debug|Any CPU
		{358E688A-D19E-4149-85CD-E804738C0C3F}.Release|x64.Build.0 = Debug|Any CPU
		{358E688A-D19E-4149-85CD-E804738C0C3F}.Release|x86.ActiveCfg = Debug|Any CPU
		{358E688A-D19E-4149-85CD-E804738C0C3F}.Release|x86.Build.0 = Debug|Any CPU
		{0C01385E-295D-4C33-ABD0-82F209DED3E6}.Debug|Any CPU.ActiveCfg = Debug|Any CPU
		{0C01385E-295D-4C33-ABD0-82F209DED3E6}.Debug|Any CPU.Build.0 = Debug|Any CPU
		{0C01385E-295D-4C33-ABD0-82F209DED3E6}.Debug|x64.ActiveCfg = Debug|Any CPU
		{0C01385E-295D-4C33-ABD0-82F209DED3E6}.Debug|x64.Build.0 = Debug|Any CPU
		{0C01385E-295D-4C33-ABD0-82F209DED3E6}.Debug|x86.ActiveCfg = Debug|Any CPU
		{0C01385E-295D-4C33-ABD0-82F209DED3E6}.Debug|x86.Build.0 = Debug|Any CPU
		{0C01385E-295D-4C33-ABD0-82F209DED3E6}.Release|Any CPU.ActiveCfg = Release|Any CPU
		{0C01385E-295D-4C33-ABD0-82F209DED3E6}.Release|Any CPU.Build.0 = Release|Any CPU
		{0C01385E-295D-4C33-ABD0-82F209DED3E6}.Release|x64.ActiveCfg = Release|Any CPU
		{0C01385E-295D-4C33-ABD0-82F209DED3E6}.Release|x64.Build.0 = Release|Any CPU
		{0C01385E-295D-4C33-ABD0-82F209DED3E6}.Release|x86.ActiveCfg = Release|Any CPU
		{0C01385E-295D-4C33-ABD0-82F209DED3E6}.Release|x86.Build.0 = Release|Any CPU
	EndGlobalSection
	GlobalSection(NestedProjects) = preSolution
		{C6B2EEA7-5427-4DC8-98E9-3A5BDFCE7669} = {A2E3960F-289D-4291-907B-C7759EDBA5E6}
		{DFB7A035-7797-42E3-8132-095D1A29E42D} = {C631BCB9-974D-4C38-AB4F-564BCBFBF2B6}
		{1B83F7CF-E2AA-4A81-9C0B-2DA716D5C982} = {C631BCB9-974D-4C38-AB4F-564BCBFBF2B6}
		{358E688A-D19E-4149-85CD-E804738C0C3F} = {C631BCB9-974D-4C38-AB4F-564BCBFBF2B6}
		{0C01385E-295D-4C33-ABD0-82F209DED3E6} = {9557DF69-C1C0-47BF-8F50-1E4B16EB90A3}
	EndGlobalSection
EndGlobal
